dependencies:
- name: postgres-operator
  repository: https://opensource.zalando.com/postgres-operator/charts/postgres-operator
  version: 1.15.0
- name: postgres-operator-ui
  repository: https://opensource.zalando.com/postgres-operator/charts/postgres-operator-ui
  version: 1.15.1
digest: sha256:df2dbfb793d9a51515cc3d4ba53d5d2789d42292afff594d9f43396babca0bf5
generated: "2026-01-05T14:20:24.208826469+05:30"
